
Microsoft Visual Studio Solution File, Format Version 12.00
# Visual Studio Version 17
VisualStudioVersion = 17.9.34723.18
MinimumVisualStudioVersion = 10.0.40219.1
Project("{FAE04EC0-301F-11D3-BF4B-00C04F79EFBC}") = "MySecondBepInExMod", "MySecondBepInExMod\MySecondBepInExMod.csproj", "{33E4B163-A712-4F97-8E38-4BF1B885AFD3}"
EndProject
Global
	GlobalSection(SolutionConfigurationPlatforms) = preSolution
		Debug|Any CPU = Debug|Any CPU
		Release|Any CPU = Release|Any CPU
	EndGlobalSection
	GlobalSection(ProjectConfigurationPlatforms) = postSolution
		{33E4B163-A712-4F97-8E38-4BF1B885AFD3}.Debug|Any CPU.ActiveCfg = Debug|Any CPU
		{33E4B163-A712-4F97-8E38-4BF1B885AFD3}.Debug|Any CPU.Build.0 = Debug|Any CPU
		{33E4B163-A712-4F97-8E38-4BF1B885AFD3}.Release|Any CPU.ActiveCfg = Release|Any CPU
		{33E4B163-A712-4F97-8E38-4BF1B885AFD3}.Release|Any CPU.Build.0 = Release|Any CPU
	EndGlobalSection
	GlobalSection(SolutionProperties) = preSolution
		HideSolutionNode = FALSE
	EndGlobalSection
	GlobalSection(ExtensibilityGlobals) = postSolution
		SolutionGuid = {029E36DD-2929-411A-843F-CCE9E32E8F8E}
	EndGlobalSection
EndGlobal
